
Microsoft Visual Studio Solution File, Format Version 12.00
# Visual Studio Version 16
VisualStudioVersion = 16.0.31702.278
MinimumVisualStudioVersion = 10.0.40219.1
Project("{FAE04EC0-301F-11D3-BF4B-00C04F79EFBC}") = "RabbitMQ.Excel.Create", "RabbitMQ.Excel.Create\RabbitMQ.Excel.Create.csproj", "{E58FEC5D-5EFE-4D6E-B164-B4C13C8BDB29}"
EndProject
Global
	GlobalSection(SolutionConfigurationPlatforms) = preSolution
		Debug|Any CPU = Debug|Any CPU
		Release|Any CPU = Release|Any CPU
	EndGlobalSection
	GlobalSection(ProjectConfigurationPlatforms) = postSolution
		{E58FEC5D-5EFE-4D6E-B164-B4C13C8BDB29}.Debug|Any CPU.ActiveCfg = Debug|Any CPU
		{E58FEC5D-5EFE-4D6E-B164-B4C13C8BDB29}.Debug|Any CPU.Build.0 = Debug|Any CPU
		{E58FEC5D-5EFE-4D6E-B164-B4C13C8BDB29}.Release|Any CPU.ActiveCfg = Release|Any CPU
		{E58FEC5D-5EFE-4D6E-B164-B4C13C8BDB29}.Release|Any CPU.Build.0 = Release|Any CPU
	EndGlobalSection
	GlobalSection(SolutionProperties) = preSolution
		HideSolutionNode = FALSE
	EndGlobalSection
	GlobalSection(ExtensibilityGlobals) = postSolution
		SolutionGuid = {D21ED7CF-8053-43ED-8DDB-2722D47E145C}
	EndGlobalSection
EndGlobal
